
Microsoft Visual Studio Solution File, Format Version 12.00
# Visual Studio Version 16
VisualStudioVersion = 16.0.30002.166
MinimumVisualStudioVersion = 10.0.40219.1
Project("{FAE04EC0-301F-11D3-BF4B-00C04F79EFBC}") = "AppForms.Android", "AppForms\AppForms.Android\AppForms.Android.csproj", "{03F08EB1-E169-42FE-B71F-94C2F6A27E97}"
EndProject
Project("{FAE04EC0-301F-11D3-BF4B-00C04F79EFBC}") = "AppForms.iOS", "AppForms\AppForms.iOS\AppForms.iOS.csproj", "{5E589D6C-4C5C-4647-A96E-5D51BE1BD03A}"
EndProject
Project("{9A19103F-16F7-4668-BE54-9A1E7A4F7556}") = "AppForms", "AppForms\AppForms\AppForms.csproj", "{0DF7813E-2F08-4110-871A-DAD1F2E9340A}"
EndProject
Project("{2150E333-8FDC-42A3-9474-1A3956D46DE8}") = "NetMonoTo5.Forms", "NetMonoTo5.Forms", "{C0361D94-56B8-4ACA-AF6A-0BA6CD39D648}"
EndProject
Project("{2150E333-8FDC-42A3-9474-1A3956D46DE8}") = "Net6MAUI", "Net6MAUI", "{CA604284-6E1D-4D8A-9D41-6CA3C397FBD4}"
EndProject
Project("{2150E333-8FDC-42A3-9474-1A3956D46DE8}") = "NetMonoTo5.MvvmCross", "NetMonoTo5.MvvmCross", "{9F0686CC-2E12-4029-82FB-759CE3F16BA6}"
EndProject
Project("{FAE04EC0-301F-11D3-BF4B-00C04F79EFBC}") = "AppCross.Droid", "AppCross.Droid\AppCross.Droid.csproj", "{8DDC4208-D071-40DB-A624-AA5CEC7A6E68}"
EndProject
Project("{FAE04EC0-301F-11D3-BF4B-00C04F79EFBC}") = "AppCross", "AppCross\AppCross.csproj", "{D5715F6D-09B2-4E48-85CB-8F98A5DF30E9}"
EndProject
Global
	GlobalSection(SolutionConfigurationPlatforms) = preSolution
		Debug|Any CPU = Debug|Any CPU
		Debug|iPhone = Debug|iPhone
		Debug|iPhoneSimulator = Debug|iPhoneSimulator
		Release|Any CPU = Release|Any CPU
		Release|iPhone = Release|iPhone
		Release|iPhoneSimulator = Release|iPhoneSimulator
	EndGlobalSection
	GlobalSection(ProjectConfigurationPlatforms) = postSolution
		{03F08EB1-E169-42FE-B71F-94C2F6A27E97}.Debug|Any CPU.ActiveCfg = Debug|Any CPU
		{03F08EB1-E169-42FE-B71F-94C2F6A27E97}.Debug|Any CPU.Build.0 = Debug|Any CPU
		{03F08EB1-E169-42FE-B71F-94C2F6A27E97}.Debug|Any CPU.Deploy.0 = Debug|Any CPU
		{03F08EB1-E169-42FE-B71F-94C2F6A27E97}.Debug|iPhone.ActiveCfg = Debug|Any CPU
		{03F08EB1-E169-42FE-B71F-94C2F6A27E97}.Debug|iPhone.Build.0 = Debug|Any CPU
		{03F08EB1-E169-42FE-B71F-94C2F6A27E97}.Debug|iPhone.Deploy.0 = Debug|Any CPU
		{03F08EB1-E169-42FE-B71F-94C2F6A27E97}.Debug|iPhoneSimulator.ActiveCfg = Debug|Any CPU
		{03F08EB1-E169-42FE-B71F-94C2F6A27E97}.Debug|iPhoneSimulator.Build.0 = Debug|Any CPU
		{03F08EB1-E169-42FE-B71F-94C2F6A27E97}.Debug|iPhoneSimulator.Deploy.0 = Debug|Any CPU
		{03F08EB1-E169-42FE-B71F-94C2F6A27E97}.Release|Any CPU.ActiveCfg = Release|Any CPU
		{03F08EB1-E169-42FE-B71F-94C2F6A27E97}.Release|Any CPU.Build.0 = Release|Any CPU
		{03F08EB1-E169-42FE-B71F-94C2F6A27E97}.Release|Any CPU.Deploy.0 = Release|Any CPU
		{03F08EB1-E169-42FE-B71F-94C2F6A27E97}.Release|iPhone.ActiveCfg = Release|Any CPU
		{03F08EB1-E169-42FE-B71F-94C2F6A27E97}.Release|iPhone.Build.0 = Release|Any CPU
		{03F08EB1-E169-42FE-B71F-94C2F6A27E97}.Release|iPhone.Deploy.0 = Release|Any CPU
		{03F08EB1-E169-42FE-B71F-94C2F6A27E97}.Release|iPhoneSimulator.ActiveCfg = Release|Any CPU
		{03F08EB1-E169-42FE-B71F-94C2F6A27E97}.Release|iPhoneSimulator.Build.0 = Release|Any CPU
		{03F08EB1-E169-42FE-B71F-94C2F6A27E97}.Release|iPhoneSimulator.Deploy.0 = Release|Any CPU
		{5E589D6C-4C5C-4647-A96E-5D51BE1BD03A}.Debug|Any CPU.ActiveCfg = Debug|iPhone
		{5E589D6C-4C5C-4647-A96E-5D51BE1BD03A}.Debug|iPhone.ActiveCfg = Debug|iPhone
		{5E589D6C-4C5C-4647-A96E-5D51BE1BD03A}.Debug|iPhone.Build.0 = Debug|iPhone
		{5E589D6C-4C5C-4647-A96E-5D51BE1BD03A}.Debug|iPhoneSimulator.ActiveCfg = Debug|iPhoneSimulator
		{5E589D6C-4C5C-4647-A96E-5D51BE1BD03A}.Debug|iPhoneSimulator.Build.0 = Debug|iPhoneSimulator
		{5E589D6C-4C5C-4647-A96E-5D51BE1BD03A}.Release|Any CPU.ActiveCfg = Release|iPhone
		{5E589D6C-4C5C-4647-A96E-5D51BE1BD03A}.Release|iPhone.ActiveCfg = Release|iPhone
		{5E589D6C-4C5C-4647-A96E-5D51BE1BD03A}.Release|iPhone.Build.0 = Release|iPhone
		{5E589D6C-4C5C-4647-A96E-5D51BE1BD03A}.Release|iPhoneSimulator.ActiveCfg = Release|iPhoneSimulator
		{5E589D6C-4C5C-4647-A96E-5D51BE1BD03A}.Release|iPhoneSimulator.Build.0 = Release|iPhoneSimulator
		{0DF7813E-2F08-4110-871A-DAD1F2E9340A}.Debug|Any CPU.ActiveCfg = Debug|Any CPU
		{0DF7813E-2F08-4110-871A-DAD1F2E9340A}.Debug|Any CPU.Build.0 = Debug|Any CPU
		{0DF7813E-2F08-4110-871A-DAD1F2E9340A}.Debug|iPhone.ActiveCfg = Debug|Any CPU
		{0DF7813E-2F08-4110-871A-DAD1F2E9340A}.Debug|iPhone.Build.0 = Debug|Any CPU
		{0DF7813E-2F08-4110-871A-DAD1F2E9340A}.Debug|iPhoneSimulator.ActiveCfg = Debug|Any CPU
		{0DF7813E-2F08-4110-871A-DAD1F2E9340A}.Debug|iPhoneSimulator.Build.0 = Debug|Any CPU
		{0DF7813E-2F08-4110-871A-DAD1F2E9340A}.Release|Any CPU.ActiveCfg = Release|Any CPU
		{0DF7813E-2F08-4110-871A-DAD1F2E9340A}.Release|Any CPU.Build.0 = Release|Any CPU
		{0DF7813E-2F08-4110-871A-DAD1F2E9340A}.Release|iPhone.ActiveCfg = Release|Any CPU
		{0DF7813E-2F08-4110-871A-DAD1F2E9340A}.Release|iPhone.Build.0 = Release|Any CPU
		{0DF7813E-2F08-4110-871A-DAD1F2E9340A}.Release|iPhoneSimulator.ActiveCfg = Release|Any CPU
		{0DF7813E-2F08-4110-871A-DAD1F2E9340A}.Release|iPhoneSimulator.Build.0 = Release|Any CPU
		{8DDC4208-D071-40DB-A624-AA5CEC7A6E68}.Debug|Any CPU.ActiveCfg = Debug|Any CPU
		{8DDC4208-D071-40DB-A624-AA5CEC7A6E68}.Debug|Any CPU.Build.0 = Debug|Any CPU
		{8DDC4208-D071-40DB-A624-AA5CEC7A6E68}.Debug|Any CPU.Deploy.0 = Debug|Any CPU
		{8DDC4208-D071-40DB-A624-AA5CEC7A6E68}.Debug|iPhone.ActiveCfg = Debug|Any CPU
		{8DDC4208-D071-40DB-A624-AA5CEC7A6E68}.Debug|iPhone.Build.0 = Debug|Any CPU
		{8DDC4208-D071-40DB-A624-AA5CEC7A6E68}.Debug|iPhone.Deploy.0 = Debug|Any CPU
		{8DDC4208-D071-40DB-A624-AA5CEC7A6E68}.Debug|iPhoneSimulator.ActiveCfg = Debug|Any CPU
		{8DDC4208-D071-40DB-A624-AA5CEC7A6E68}.Debug|iPhoneSimulator.Build.0 = Debug|Any CPU
		{8DDC4208-D071-40DB-A624-AA5CEC7A6E68}.Debug|iPhoneSimulator.Deploy.0 = Debug|Any CPU
		{8DDC4208-D071-40DB-A624-AA5CEC7A6E68}.Release|Any CPU.ActiveCfg = Release|Any CPU
		{8DDC4208-D071-40DB-A624-AA5CEC7A6E68}.Release|Any CPU.Build.0 = Release|Any CPU
		{8DDC4208-D071-40DB-A624-AA5CEC7A6E68}.Release|Any CPU.Deploy.0 = Release|Any CPU
		{8DDC4208-D071-40DB-A624-AA5CEC7A6E68}.Release|iPhone.ActiveCfg = Release|Any CPU
		{8DDC4208-D071-40DB-A624-AA5CEC7A6E68}.Release|iPhone.Build.0 = Release|Any CPU
		{8DDC4208-D071-40DB-A624-AA5CEC7A6E68}.Release|iPhone.Deploy.0 = Release|Any CPU
		{8DDC4208-D071-40DB-A624-AA5CEC7A6E68}.Release|iPhoneSimulator.ActiveCfg = Release|Any CPU
		{8DDC4208-D071-40DB-A624-AA5CEC7A6E68}.Release|iPhoneSimulator.Build.0 = Release|Any CPU
		{8DDC4208-D071-40DB-A624-AA5CEC7A6E68}.Release|iPhoneSimulator.Deploy.0 = Release|Any CPU
		{D5715F6D-09B2-4E48-85CB-8F98A5DF30E9}.Debug|Any CPU.ActiveCfg = Debug|Any CPU
		{D5715F6D-09B2-4E48-85CB-8F98A5DF30E9}.Debug|Any CPU.Build.0 = Debug|Any CPU
		{D5715F6D-09B2-4E48-85CB-8F98A5DF30E9}.Debug|iPhone.ActiveCfg = Debug|Any CPU
		{D5715F6D-09B2-4E48-85CB-8F98A5DF30E9}.Debug|iPhone.Build.0 = Debug|Any CPU
		{D5715F6D-09B2-4E48-85CB-8F98A5DF30E9}.Debug|iPhoneSimulator.ActiveCfg = Debug|Any CPU
		{D5715F6D-09B2-4E48-85CB-8F98A5DF30E9}.Debug|iPhoneSimulator.Build.0 = Debug|Any CPU
		{D5715F6D-09B2-4E48-85CB-8F98A5DF30E9}.Release|Any CPU.ActiveCfg = Release|Any CPU
		{D5715F6D-09B2-4E48-85CB-8F98A5DF30E9}.Release|Any CPU.Build.0 = Release|Any CPU
		{D5715F6D-09B2-4E48-85CB-8F98A5DF30E9}.Release|iPhone.ActiveCfg = Release|Any CPU
		{D5715F6D-09B2-4E48-85CB-8F98A5DF30E9}.Release|iPhone.Build.0 = Release|Any CPU
		{D5715F6D-09B2-4E48-85CB-8F98A5DF30E9}.Release|iPhoneSimulator.ActiveCfg = Release|Any CPU
		{D5715F6D-09B2-4E48-85CB-8F98A5DF30E9}.Release|iPhoneSimulator.Build.0 = Release|Any CPU
	EndGlobalSection
	GlobalSection(SolutionProperties) = preSolution
		HideSolutionNode = FALSE
	EndGlobalSection
	GlobalSection(NestedProjects) = preSolution
		{03F08EB1-E169-42FE-B71F-94C2F6A27E97} = {C0361D94-56B8-4ACA-AF6A-0BA6CD39D648}
		{5E589D6C-4C5C-4647-A96E-5D51BE1BD03A} = {C0361D94-56B8-4ACA-AF6A-0BA6CD39D648}
		{0DF7813E-2F08-4110-871A-DAD1F2E9340A} = {C0361D94-56B8-4ACA-AF6A-0BA6CD39D648}
		{8DDC4208-D071-40DB-A624-AA5CEC7A6E68} = {9F0686CC-2E12-4029-82FB-759CE3F16BA6}
		{D5715F6D-09B2-4E48-85CB-8F98A5DF30E9} = {9F0686CC-2E12-4029-82FB-759CE3F16BA6}
	EndGlobalSection
	GlobalSection(ExtensibilityGlobals) = postSolution
		SolutionGuid = {11CBF104-F13C-4354-A150-E7784B4C50A8}
	EndGlobalSection
EndGlobal
